
Microsoft Visual Studio Solution File, Format Version 12.00
# Visual Studio Version 16
VisualStudioVersion = 16.0.29709.97
MinimumVisualStudioVersion = 10.0.40219.1
Project("{FAE04EC0-301F-11D3-BF4B-00C04F79EFBC}") = "Curs5.1", "Curs5.1.csproj", "{011D10E7-8DB7-4BB3-8D17-C6B601932051}"
EndProject
Global
	GlobalSection(SolutionConfigurationPlatforms) = preSolution
		Debug|Any CPU = Debug|Any CPU
		Release|Any CPU = Release|Any CPU
	EndGlobalSection
	GlobalSection(ProjectConfigurationPlatforms) = postSolution
		{011D10E7-8DB7-4BB3-8D17-C6B601932051}.Debug|Any CPU.ActiveCfg = Debug|Any CPU
		{011D10E7-8DB7-4BB3-8D17-C6B601932051}.Debug|Any CPU.Build.0 = Debug|Any CPU
		{011D10E7-8DB7-4BB3-8D17-C6B601932051}.Release|Any CPU.ActiveCfg = Release|Any CPU
		{011D10E7-8DB7-4BB3-8D17-C6B601932051}.Release|Any CPU.Build.0 = Release|Any CPU
	EndGlobalSection
	GlobalSection(SolutionProperties) = preSolution
		HideSolutionNode = FALSE
	EndGlobalSection
	GlobalSection(ExtensibilityGlobals) = postSolution
		SolutionGuid = {61DD6FF9-FD0D-4855-A233-D5C4CAE3DB6E}
	EndGlobalSection
EndGlobal
